
Microsoft Visual Studio Solution File, Format Version 11.00
# Visual Studio 2010
Project("{FAE04EC0-301F-11D3-BF4B-00C04F79EFBC}") = "Assembly-CSharp", "Assembly-CSharp.csproj", "{721667ac-0f33-135f-2ff3-1226f0ad5bbe}"
EndProject
Project("{FAE04EC0-301F-11D3-BF4B-00C04F79EFBC}") = "Assembly-CSharp-Editor", "Assembly-CSharp-Editor.csproj", "{117144ef-5daf-8109-593f-395c3f8ac96e}"
EndProject
Global
	GlobalSection(SolutionConfigurationPlatforms) = preSolution
		Debug|Any CPU = Debug|Any CPU
	EndGlobalSection
	GlobalSection(ProjectConfigurationPlatforms) = postSolution
		{721667ac-0f33-135f-2ff3-1226f0ad5bbe}.Debug|Any CPU.ActiveCfg = Debug|Any CPU
		{721667ac-0f33-135f-2ff3-1226f0ad5bbe}.Debug|Any CPU.Build.0 = Debug|Any CPU
		{117144ef-5daf-8109-593f-395c3f8ac96e}.Debug|Any CPU.ActiveCfg = Debug|Any CPU
		{117144ef-5daf-8109-593f-395c3f8ac96e}.Debug|Any CPU.Build.0 = Debug|Any CPU
	EndGlobalSection
	GlobalSection(SolutionProperties) = preSolution
		HideSolutionNode = FALSE
	EndGlobalSection
EndGlobal
